// !$*UTF8*$!
{
	archiveVersion = 1;
	classes = {
	};
	objectVersion = 52;
	objects = {

/* Begin PBXBuildFile section */
		9CE136FC24570340006E9B44 /* RxTimelane in Frameworks */ = {isa = PBXBuildFile; productRef = 9CE136FB24570340006E9B44 /* RxTimelane */; };
		9CE136FF245703F2006E9B44 /* TimerViewModel.swift in Sources */ = {isa = PBXBuildFile; fileRef = 9CE136FE245703F2006E9B44 /* TimerViewModel.swift */; };
		9CE1370124570425006E9B44 /* Counter.swift in Sources */ = {isa = PBXBuildFile; fileRef = 9CE1370024570425006E9B44 /* Counter.swift */; };
		9CEE21472456A4D5005423B2 /* AppDelegate.swift in Sources */ = {isa = PBXBuildFile; fileRef = 9CEE21462456A4D5005423B2 /* AppDelegate.swift */; };
		9CEE21492456A4D5005423B2 /* SceneDelegate.swift in Sources */ = {isa = PBXBuildFile; fileRef = 9CEE21482456A4D5005423B2 /* SceneDelegate.swift */; };
		9CEE214B2456A4D5005423B2 /* TimerView.swift in Sources */ = {isa = PBXBuildFile; fileRef = 9CEE214A2456A4D5005423B2 /* TimerView.swift */; };
		9CEE214D2456A4D7005423B2 /* Assets.xcassets in Resources */ = {isa = PBXBuildFile; fileRef = 9CEE214C2456A4D7005423B2 /* Assets.xcassets */; };
		9CEE21532456A4D7005423B2 /* LaunchScreen.storyboard in Resources */ = {isa = PBXBuildFile; fileRef = 9CEE21512456A4D7005423B2 /* LaunchScreen.storyboard */; };
/* End PBXBuildFile section */

/* Begin PBXFileReference section */
		9CE136FE245703F2006E9B44 /* TimerViewModel.swift */ = {isa = PBXFileReference; fileEncoding = 4; lastKnownFileType = sourcecode.swift; path = TimerViewModel.swift; sourceTree = "<group>"; };
		9CE1370024570425006E9B44 /* Counter.swift */ = {isa = PBXFileReference; fileEncoding = 4; lastKnownFileType = sourcecode.swift; name = Counter.swift; path = TimerAppRx/Counter/Counter.swift; sourceTree = SOURCE_ROOT; };
		9CEE21432456A4D5005423B2 /* TimerAppRx.app */ = {isa = PBXFileReference; explicitFileType = wrapper.application; includeInIndex = 0; path = TimerAppRx.app; sourceTree = BUILT_PRODUCTS_DIR; };
		9CEE21462456A4D5005423B2 /* AppDelegate.swift */ = {isa = PBXFileReference; lastKnownFileType = sourcecode.swift; path = AppDelegate.swift; sourceTree = "<group>"; };
		9CEE21482456A4D5005423B2 /* SceneDelegate.swift */ = {isa = PBXFileReference; lastKnownFileType = sourcecode.swift; path = SceneDelegate.swift; sourceTree = "<group>"; };
		9CEE214A2456A4D5005423B2 /* TimerView.swift */ = {isa = PBXFileReference; lastKnownFileType = sourcecode.swift; path = TimerView.swift; sourceTree = "<group>"; };
		9CEE214C2456A4D7005423B2 /* Assets.xcassets */ = {isa = PBXFileReference; lastKnownFileType = folder.assetcatalog; path = Assets.xcassets; sourceTree = "<group>"; };
		9CEE21522456A4D7005423B2 /* Base */ = {isa = PBXFileReference; lastKnownFileType = file.storyboard; name = Base; path = Base.lproj/LaunchScreen.storyboard; sourceTree = "<group>"; };
		9CEE21542456A4D7005423B2 /* Info.plist */ = {isa = PBXFileReference; lastKnownFileType = text.plist.xml; path = Info.plist; sourceTree = "<group>"; };
/* End PBXFileReference section */

/* Begin PBXFrameworksBuildPhase section */
		9CEE21402456A4D5005423B2 /* Frameworks */ = {
			isa = PBXFrameworksBuildPhase;
			buildActionMask = 2147483647;
			files = (
				9CE136FC24570340006E9B44 /* RxTimelane in Frameworks */,
			);
			runOnlyForDeploymentPostprocessing = 0;
		};
/* End PBXFrameworksBuildPhase section */

/* Begin PBXGroup section */
		9CA50F162459AAF200ADD1AB /* Counter */ = {
			isa = PBXGroup;
			children = (
				9CE1370024570425006E9B44 /* Counter.swift */,
			);
			path = Counter;
			sourceTree = "<group>";
		};
		9CE136FD24570360006E9B44 /* Assets */ = {
			isa = PBXGroup;
			children = (
				9CEE21512456A4D7005423B2 /* LaunchScreen.storyboard */,
				9CEE214C2456A4D7005423B2 /* Assets.xcassets */,
				9CEE21542456A4D7005423B2 /* Info.plist */,
				9CEE21462456A4D5005423B2 /* AppDelegate.swift */,
			);
			path = Assets;
			sourceTree = "<group>";
		};
		9CEE213A2456A4D5005423B2 = {
			isa = PBXGroup;
			children = (
				9CEE21452456A4D5005423B2 /* TimerAppRx */,
				9CEE21442456A4D5005423B2 /* Products */,
			);
			sourceTree = "<group>";
		};
		9CEE21442456A4D5005423B2 /* Products */ = {
			isa = PBXGroup;
			children = (
				9CEE21432456A4D5005423B2 /* TimerAppRx.app */,
			);
			name = Products;
			sourceTree = "<group>";
		};
		9CEE21452456A4D5005423B2 /* TimerAppRx */ = {
			isa = PBXGroup;
			children = (
				9CE136FD24570360006E9B44 /* Assets */,
				9CA50F162459AAF200ADD1AB /* Counter */,
				9CEE21482456A4D5005423B2 /* SceneDelegate.swift */,
				9CEE214A2456A4D5005423B2 /* TimerView.swift */,
				9CE136FE245703F2006E9B44 /* TimerViewModel.swift */,
			);
			path = TimerAppRx;
			sourceTree = "<group>";
		};
/* End PBXGroup section */

/* Begin PBXNativeTarget section */
		9CEE21422456A4D5005423B2 /* TimerAppRx */ = {
			isa = PBXNativeTarget;
			buildConfigurationList = 9CEE21572456A4D7005423B2 /* Build configuration list for PBXNativeTarget "TimerAppRx" */;
			buildPhases = (
				9CEE213F2456A4D5005423B2 /* Sources */,
				9CEE21402456A4D5005423B2 /* Frameworks */,
				9CEE21412456A4D5005423B2 /* Resources */,
			);
			buildRules = (
			);
			dependencies = (
			);
			name = TimerAppRx;
			packageProductDependencies = (
				9CE136FB24570340006E9B44 /* RxTimelane */,
			);
			productName = TimerAppRx;
			productReference = 9CEE21432456A4D5005423B2 /* TimerAppRx.app */;
			productType = "com.apple.product-type.application";
		};
/* End PBXNativeTarget section */

/* Begin PBXProject section */
		9CEE213B2456A4D5005423B2 /* Project object */ = {
			isa = PBXProject;
			attributes = {
				LastSwiftUpdateCheck = 1130;
				LastUpgradeCheck = 1130;
				ORGANIZATIONNAME = "Underplot ltd";
				TargetAttributes = {
					9CEE21422456A4D5005423B2 = {
						CreatedOnToolsVersion = 11.3;
					};
				};
			};
			buildConfigurationList = 9CEE213E2456A4D5005423B2 /* Build configuration list for PBXProject "TimerAppRx" */;
			compatibilityVersion = "Xcode 9.3";
			developmentRegion = en;
			hasScannedForEncodings = 0;
			knownRegions = (
				en,
				Base,
			);
			mainGroup = 9CEE213A2456A4D5005423B2;
			packageReferences = (
				9CE136FA24570340006E9B44 /* XCRemoteSwiftPackageReference "RxTimelane" */,
			);
			productRefGroup = 9CEE21442456A4D5005423B2 /* Products */;
			projectDirPath = "";
			projectRoot = "";
			targets = (
				9CEE21422456A4D5005423B2 /* TimerAppRx */,
			);
		};
/* End PBXProject section */

/* Begin PBXResourcesBuildPhase section */
		9CEE21412456A4D5005423B2 /* Resources */ = {
			isa = PBXResourcesBuildPhase;
			buildActionMask = 2147483647;
			files = (
				9CEE21532456A4D7005423B2 /* LaunchScreen.storyboard in Resources */,
				9CEE214D2456A4D7005423B2 /* Assets.xcassets in Resources */,
			);
			runOnlyForDeploymentPostprocessing = 0;
		};
/* End PBXResourcesBuildPhase section */

/* Begin PBXSourcesBuildPhase section */
		9CEE213F2456A4D5005423B2 /* Sources */ = {
			isa = PBXSourcesBuildPhase;
			buildActionMask = 2147483647;
			files = (
				9CE1370124570425006E9B44 /* Counter.swift in Sources */,
				9CE136FF245703F2006E9B44 /* TimerViewModel.swift in Sources */,
				9CEE21472456A4D5005423B2 /* AppDelegate.swift in Sources */,
				9CEE21492456A4D5005423B2 /* SceneDelegate.swift in Sources */,
				9CEE214B2456A4D5005423B2 /* TimerView.swift in Sources */,
			);
			runOnlyForDeploymentPostprocessing = 0;
		};
/* End PBXSourcesBuildPhase section */

/* Begin PBXVariantGroup section */
		9CEE21512456A4D7005423B2 /* LaunchScreen.storyboard */ = {
			isa = PBXVariantGroup;
			children = (
				9CEE21522456A4D7005423B2 /* Base */,
			);
			name = LaunchScreen.storyboard;
			sourceTree = "<group>";
		};
/* End PBXVariantGroup section */

/* Begin XCBuildConfiguration section */
		9CEE21552456A4D7005423B2 /* Debug */ = {
			isa = XCBuildConfiguration;
			buildSettings = {
				ALWAYS_SEARCH_USER_PATHS = NO;
				CLANG_ANALYZER_NONNULL = YES;
				CLANG_ANALYZER_NUMBER_OBJECT_CONVERSION = YES_AGGRESSIVE;
				CLANG_CXX_LANGUAGE_STANDARD = "gnu++14";
				CLANG_CXX_LIBRARY = "libc++";
				CLANG_ENABLE_MODULES = YES;
				CLANG_ENABLE_OBJC_ARC = YES;
				CLANG_ENABLE_OBJC_WEAK = YES;
				CLANG_WARN_BLOCK_CAPTURE_AUTORELEASING = YES;
				CLANG_WARN_BOOL_CONVERSION = YES;
				CLANG_WARN_COMMA = YES;
				CLANG_WARN_CONSTANT_CONVERSION = YES;
				CLANG_WARN_DEPRECATED_OBJC_IMPLEMENTATIONS = YES;
				CLANG_WARN_DIRECT_OBJC_ISA_USAGE = YES_ERROR;
				CLANG_WARN_DOCUMENTATION_COMMENTS = YES;
				CLANG_WARN_EMPTY_BODY = YES;
				CLANG_WARN_ENUM_CONVERSION = YES;
				CLANG_WARN_INFINITE_RECURSION = YES;
				CLANG_WARN_INT_CONVERSION = YES;
				CLANG_WARN_NON_LITERAL_NULL_CONVERSION = YES;
				CLANG_WARN_OBJC_IMPLICIT_RETAIN_SELF = YES;
				CLANG_WARN_OBJC_LITERAL_CONVERSION = YES;
				CLANG_WARN_OBJC_ROOT_CLASS = YES_ERROR;
				CLANG_WARN_RANGE_LOOP_ANALYSIS = YES;
				CLANG_WARN_STRICT_PROTOTYPES = YES;
				CLANG_WARN_SUSPICIOUS_MOVE = YES;
				CLANG_WARN_UNGUARDED_AVAILABILITY = YES_AGGRESSIVE;
				CLANG_WARN_UNREACHABLE_CODE = YES;
				CLANG_WARN__DUPLICATE_METHOD_MATCH = YES;
				COPY_PHASE_STRIP = NO;
				DEBUG_INFORMATION_FORMAT = dwarf;
				ENABLE_STRICT_OBJC_MSGSEND = YES;
				ENABLE_TESTABILITY = YES;
				GCC_C_LANGUAGE_STANDARD = gnu11;
				GCC_DYNAMIC_NO_PIC = NO;
				GCC_NO_COMMON_BLOCKS = YES;
				GCC_OPTIMIZATION_LEVEL = 0;
				GCC_PREPROCESSOR_DEFINITIONS = (
					"DEBUG=1",
					"$(inherited)",
				);
				GCC_WARN_64_TO_32_BIT_CONVERSION = YES;
				GCC_WARN_ABOUT_RETURN_TYPE = YES_ERROR;
				GCC_WARN_UNDECLARED_SELECTOR = YES;
				GCC_WARN_UNINITIALIZED_AUTOS = YES_AGGRESSIVE;
				GCC_WARN_UNUSED_FUNCTION = YES;
				GCC_WARN_UNUSED_VARIABLE = YES;
				IPHONEOS_DEPLOYMENT_TARGET = 13.2;
				MTL_ENABLE_DEBUG_INFO = INCLUDE_SOURCE;
				MTL_FAST_MATH = YES;
				ONLY_ACTIVE_ARCH = YES;
				SDKROOT = iphoneos;
				SWIFT_ACTIVE_COMPILATION_CONDITIONS = DEBUG;
				SWIFT_OPTIMIZATION_LEVEL = "-Onone";
			};
			name = Debug;
		};
		9CEE21562456A4D7005423B2 /* Release */ = {
			isa = XCBuildConfiguration;
			buildSettings = {
				ALWAYS_SEARCH_USER_PATHS = NO;
				CLANG_ANALYZER_NONNULL = YES;
				CLANG_ANALYZER_NUMBER_OBJECT_CONVERSION = YES_AGGRESSIVE;
				CLANG_CXX_LANGUAGE_STANDARD = "gnu++14";
				CLANG_CXX_LIBRARY = "libc++";
				CLANG_ENABLE_MODULES = YES;
				CLANG_ENABLE_OBJC_ARC = YES;
				CLANG_ENABLE_OBJC_WEAK = YES;
				CLANG_WARN_BLOCK_CAPTURE_AUTORELEASING = YES;
				CLANG_WARN_BOOL_CONVERSION = YES;
				CLANG_WARN_COMMA = YES;
				CLANG_WARN_CONSTANT_CONVERSION = YES;
				CLANG_WARN_DEPRECATED_OBJC_IMPLEMENTATIONS = YES;
				CLANG_WARN_DIRECT_OBJC_ISA_USAGE = YES_ERROR;
				CLANG_WARN_DOCUMENTATION_COMMENTS = YES;
				CLANG_WARN_EMPTY_BODY = YES;
				CLANG_WARN_ENUM_CONVERSION = YES;
				CLANG_WARN_INFINITE_RECURSION = YES;
				CLANG_WARN_INT_CONVERSION = YES;
				CLANG_WARN_NON_LITERAL_NULL_CONVERSION = YES;
				CLANG_WARN_OBJC_IMPLICIT_RETAIN_SELF = YES;
				CLANG_WARN_OBJC_LITERAL_CONVERSION = YES;
				CLANG_WARN_OBJC_ROOT_CLASS = YES_ERROR;
				CLANG_WARN_RANGE_LOOP_ANALYSIS = YES;
				CLANG_WARN_STRICT_PROTOTYPES = YES;
				CLANG_WARN_SUSPICIOUS_MOVE = YES;
				CLANG_WARN_UNGUARDED_AVAILABILITY = YES_AGGRESSIVE;
				CLANG_WARN_UNREACHABLE_CODE = YES;
				CLANG_WARN__DUPLICATE_METHOD_MATCH = YES;
				COPY_PHASE_STRIP = NO;
				DEBUG_INFORMATION_FORMAT = "dwarf-with-dsym";
				ENABLE_NS_ASSERTIONS = NO;
				ENABLE_STRICT_OBJC_MSGSEND = YES;
				GCC_C_LANGUAGE_STANDARD = gnu11;
				GCC_NO_COMMON_BLOCKS = YES;
				GCC_WARN_64_TO_32_BIT_CONVERSION = YES;
				GCC_WARN_ABOUT_RETURN_TYPE = YES_ERROR;
				GCC_WARN_UNDECLARED_SELECTOR = YES;
				GCC_WARN_UNINITIALIZED_AUTOS = YES_AGGRESSIVE;
				GCC_WARN_UNUSED_FUNCTION = YES;
				GCC_WARN_UNUSED_VARIABLE = YES;
				IPHONEOS_DEPLOYMENT_TARGET = 13.2;
				MTL_ENABLE_DEBUG_INFO = NO;
				MTL_FAST_MATH = YES;
				SDKROOT = iphoneos;
				SWIFT_COMPILATION_MODE = wholemodule;
				SWIFT_OPTIMIZATION_LEVEL = "-O";
				VALIDATE_PRODUCT = YES;
			};
			name = Release;
		};
		9CEE21582456A4D7005423B2 /* Debug */ = {
			isa = XCBuildConfiguration;
			buildSettings = {
				ASSETCATALOG_COMPILER_APPICON_NAME = AppIcon;
				CODE_SIGN_STYLE = Automatic;
				DEVELOPMENT_ASSET_PATHS = "";
				DEVELOPMENT_TEAM = 9MF8G8D9Y5;
				ENABLE_PREVIEWS = YES;
				INFOPLIST_FILE = TimerAppRx/Assets/Info.plist;
				LD_RUNPATH_SEARCH_PATHS = (
					"$(inherited)",
					"@executable_path/Frameworks",
				);
				PRODUCT_BUNDLE_IDENTIFIER = com.underplot.TimerAppRx;
				PRODUCT_NAME = "$(TARGET_NAME)";
				SWIFT_VERSION = 5.0;
				TARGETED_DEVICE_FAMILY = 1;
			};
			name = Debug;
		};
		9CEE21592456A4D7005423B2 /* Release */ = {
			isa = XCBuildConfiguration;
			buildSettings = {
				ASSETCATALOG_COMPILER_APPICON_NAME = AppIcon;
				CODE_SIGN_STYLE = Automatic;
				DEVELOPMENT_ASSET_PATHS = "";
				DEVELOPMENT_TEAM = 9MF8G8D9Y5;
				ENABLE_PREVIEWS = YES;
				INFOPLIST_FILE = TimerAppRx/Assets/Info.plist;
				LD_RUNPATH_SEARCH_PATHS = (
					"$(inherited)",
					"@executable_path/Frameworks",
				);
				PRODUCT_BUNDLE_IDENTIFIER = com.underplot.TimerAppRx;
				PRODUCT_NAME = "$(TARGET_NAME)";
				SWIFT_VERSION = 5.0;
				TARGETED_DEVICE_FAMILY = 1;
			};
			name = Release;
		};
/* End XCBuildConfiguration section */

/* Begin XCConfigurationList section */
		9CEE213E2456A4D5005423B2 /* Build configuration list for PBXProject "TimerAppRx" */ = {
			isa = XCConfigurationList;
			buildConfigurations = (
				9CEE21552456A4D7005423B2 /* Debug */,
				9CEE21562456A4D7005423B2 /* Release */,
			);
			defaultConfigurationIsVisible = 0;
			defaultConfigurationName = Release;
		};
		9CEE21572456A4D7005423B2 /* Build configuration list for PBXNativeTarget "TimerAppRx" */ = {
			isa = XCConfigurationList;
			buildConfigurations = (
				9CEE21582456A4D7005423B2 /* Debug */,
				9CEE21592456A4D7005423B2 /* Release */,
			);
			defaultConfigurationIsVisible = 0;
			defaultConfigurationName = Release;
		};
/* End XCConfigurationList section */

/* Begin XCRemoteSwiftPackageReference section */
		9CE136FA24570340006E9B44 /* XCRemoteSwiftPackageReference "RxTimelane" */ = {
			isa = XCRemoteSwiftPackageReference;
			repositoryURL = "https://github.com/icanzilb/RxTimelane";
			requirement = {
				kind = upToNextMajorVersion;
				minimumVersion = 2.0.0;
			};
		};
/* End XCRemoteSwiftPackageReference section */

/* Begin XCSwiftPackageProductDependency section */
		9CE136FB24570340006E9B44 /* RxTimelane */ = {
			isa = XCSwiftPackageProductDependency;
			package = 9CE136FA24570340006E9B44 /* XCRemoteSwiftPackageReference "RxTimelane" */;
			productName = RxTimelane;
		};
/* End XCSwiftPackageProductDependency section */
	};
	rootObject = 9CEE213B2456A4D5005423B2 /* Project object */;
}
